
Microsoft Visual Studio Solution File, Format Version 12.00
# Visual Studio Version 17
VisualStudioVersion = 17.2.32516.85
MinimumVisualStudioVersion = 10.0.40219.1
Project("{FAE04EC0-301F-11D3-BF4B-00C04F79EFBC}") = "ScrutorScanSample", "ScrutorSample\ScrutorScanSample.csproj", "{92A8F689-A302-4A4E-A1E4-D36E9C73E183}"
EndProject
Project("{FAE04EC0-301F-11D3-BF4B-00C04F79EFBC}") = "CustomScopeSmaple", "CustomScopeSmaple\CustomScopeSmaple.csproj", "{C665BC89-B9DF-44E6-A678-B9F99DE807EE}"
EndProject
Project("{FAE04EC0-301F-11D3-BF4B-00C04F79EFBC}") = "ScrutorDecorateSample", "ScrutorDecorateSample\ScrutorDecorateSample.csproj", "{A05D62A9-12D2-4117-A30E-E1DE3704837B}"
EndProject
Global
	GlobalSection(SolutionConfigurationPlatforms) = preSolution
		Debug|Any CPU = Debug|Any CPU
		Release|Any CPU = Release|Any CPU
	EndGlobalSection
	GlobalSection(ProjectConfigurationPlatforms) = postSolution
		{92A8F689-A302-4A4E-A1E4-D36E9C73E183}.Debug|Any CPU.ActiveCfg = Debug|Any CPU
		{92A8F689-A302-4A4E-A1E4-D36E9C73E183}.Debug|Any CPU.Build.0 = Debug|Any CPU
		{92A8F689-A302-4A4E-A1E4-D36E9C73E183}.Release|Any CPU.ActiveCfg = Release|Any CPU
		{92A8F689-A302-4A4E-A1E4-D36E9C73E183}.Release|Any CPU.Build.0 = Release|Any CPU
		{C665BC89-B9DF-44E6-A678-B9F99DE807EE}.Debug|Any CPU.ActiveCfg = Debug|Any CPU
		{C665BC89-B9DF-44E6-A678-B9F99DE807EE}.Debug|Any CPU.Build.0 = Debug|Any CPU
		{C665BC89-B9DF-44E6-A678-B9F99DE807EE}.Release|Any CPU.ActiveCfg = Release|Any CPU
		{C665BC89-B9DF-44E6-A678-B9F99DE807EE}.Release|Any CPU.Build.0 = Release|Any CPU
		{A05D62A9-12D2-4117-A30E-E1DE3704837B}.Debug|Any CPU.ActiveCfg = Debug|Any CPU
		{A05D62A9-12D2-4117-A30E-E1DE3704837B}.Debug|Any CPU.Build.0 = Debug|Any CPU
		{A05D62A9-12D2-4117-A30E-E1DE3704837B}.Release|Any CPU.ActiveCfg = Release|Any CPU
		{A05D62A9-12D2-4117-A30E-E1DE3704837B}.Release|Any CPU.Build.0 = Release|Any CPU
	EndGlobalSection
	GlobalSection(SolutionProperties) = preSolution
		HideSolutionNode = FALSE
	EndGlobalSection
	GlobalSection(ExtensibilityGlobals) = postSolution
		SolutionGuid = {D21127D5-FAC6-404B-9FA8-821CAF1EEE24}
	EndGlobalSection
EndGlobal
